
Microsoft Visual Studio Solution File, Format Version 12.00
# Visual Studio Version 16
VisualStudioVersion = 16.0.29201.188
MinimumVisualStudioVersion = 10.0.40219.1
Project("{FAE04EC0-301F-11D3-BF4B-00C04F79EFBC}") = "ReactWebCamComputerVision", "ReactWebCamComputerVision.csproj", "{B5E197B8-D849-4AAF-A230-A8B40E66C91E}"
EndProject
Global
	GlobalSection(SolutionConfigurationPlatforms) = preSolution
		Debug|Any CPU = Debug|Any CPU
		Release|Any CPU = Release|Any CPU
	EndGlobalSection
	GlobalSection(ProjectConfigurationPlatforms) = postSolution
		{B5E197B8-D849-4AAF-A230-A8B40E66C91E}.Debug|Any CPU.ActiveCfg = Debug|Any CPU
		{B5E197B8-D849-4AAF-A230-A8B40E66C91E}.Debug|Any CPU.Build.0 = Debug|Any CPU
		{B5E197B8-D849-4AAF-A230-A8B40E66C91E}.Release|Any CPU.ActiveCfg = Release|Any CPU
		{B5E197B8-D849-4AAF-A230-A8B40E66C91E}.Release|Any CPU.Build.0 = Release|Any CPU
	EndGlobalSection
	GlobalSection(SolutionProperties) = preSolution
		HideSolutionNode = FALSE
	EndGlobalSection
	GlobalSection(ExtensibilityGlobals) = postSolution
		SolutionGuid = {8A0B4937-E774-46B0-A7C7-E6329BE23A85}
	EndGlobalSection
EndGlobal
