
Microsoft Visual Studio Solution File, Format Version 12.00
# Visual Studio 15
VisualStudioVersion = 15.0.28307.645
MinimumVisualStudioVersion = 10.0.40219.1
Project("{FAE04EC0-301F-11D3-BF4B-00C04F79EFBC}") = "ComputerVisionOnBrowser", "ComputerVisionOnBrowser\ComputerVisionOnBrowser.csproj", "{31AF5021-5F21-4C5B-9F91-0D9B7F369678}"
EndProject
Global
	GlobalSection(SolutionConfigurationPlatforms) = preSolution
		Debug|Any CPU = Debug|Any CPU
		Release|Any CPU = Release|Any CPU
	EndGlobalSection
	GlobalSection(ProjectConfigurationPlatforms) = postSolution
		{31AF5021-5F21-4C5B-9F91-0D9B7F369678}.Debug|Any CPU.ActiveCfg = Debug|Any CPU
		{31AF5021-5F21-4C5B-9F91-0D9B7F369678}.Debug|Any CPU.Build.0 = Debug|Any CPU
		{31AF5021-5F21-4C5B-9F91-0D9B7F369678}.Release|Any CPU.ActiveCfg = Release|Any CPU
		{31AF5021-5F21-4C5B-9F91-0D9B7F369678}.Release|Any CPU.Build.0 = Release|Any CPU
	EndGlobalSection
	GlobalSection(SolutionProperties) = preSolution
		HideSolutionNode = FALSE
	EndGlobalSection
	GlobalSection(ExtensibilityGlobals) = postSolution
		SolutionGuid = {C5716A1B-7556-4F8A-85F6-4B9E35E5FE62}
	EndGlobalSection
EndGlobal
